version: 2.0
shards:
  clang:
    git: https://github.com/crystal-lang/clang.cr.git
    version: 0.3.0+git.commit.d019b9ff105cd652f31cca73e950adbf41037d52

  crystal_lib:
    git: https://github.com/crystal-lang/crystal_lib.git
    version: 0.1.0+git.commit.513e51e0eea9341cd095c820a4563bbf6a53a2e5

